
Microsoft Visual Studio Solution File, Format Version 12.00
# Visual Studio Version 17
VisualStudioVersion = 17.0.31903.59
MinimumVisualStudioVersion = 10.0.40219.1
Project("{2150E333-8FDC-42A3-9474-1A3956D46DE8}") = "src", "src", "{827E0CD3-B72D-47B6-A68D-7590B98EB39B}"
EndProject
Project("{FAE04EC0-301F-11D3-BF4B-00C04F79EFBC}") = "CRC.Api", "src\CRC.Api\CRC.Api.csproj", "{B576E6DE-5DAE-4DD6-ACEB-F2D739F66E3A}"
EndProject
Project("{FAE04EC0-301F-11D3-BF4B-00C04F79EFBC}") = "CRC.Foundation", "src\CRC.Foundation\CRC.Foundation.csproj", "{409980C9-5223-45BF-83F3-CA176AF319A0}"
EndProject
Project("{FAE04EC0-301F-11D3-BF4B-00C04F79EFBC}") = "CRC.Persistence.Sqlite", "src\CRC.Persistence.Sqlite\CRC.Persistence.Sqlite.csproj", "{98A4AC4A-945E-46B5-AD72-3036B748FEB3}"
EndProject
Project("{FAE04EC0-301F-11D3-BF4B-00C04F79EFBC}") = "CRC.Persistence.Postgres", "src\CRC.Persistence.Postgres\CRC.Persistence.Postgres.csproj", "{E3AF916F-AA82-435E-AF3E-BADF50642174}"
EndProject
Project("{FAE04EC0-301F-11D3-BF4B-00C04F79EFBC}") = "CRC.DbMigrator", "src\CRC.DbMigrator\CRC.DbMigrator.csproj", "{1D2C6F04-0293-4CFA-A703-841CE8941677}"
EndProject
Project("{2150E333-8FDC-42A3-9474-1A3956D46DE8}") = "tests", "tests", "{0AB3BF05-4346-4AA6-1389-037BE0695223}"
EndProject
Project("{FAE04EC0-301F-11D3-BF4B-00C04F79EFBC}") = "CRC.Foundation.Tests", "tests\CRC.Foundation.Tests\CRC.Foundation.Tests.csproj", "{3E686A6E-046F-430C-928D-9751B15F1EAF}"
EndProject
Global
	GlobalSection(SolutionConfigurationPlatforms) = preSolution
		Debug|Any CPU = Debug|Any CPU
		Debug|x64 = Debug|x64
		Debug|x86 = Debug|x86
		Release|Any CPU = Release|Any CPU
		Release|x64 = Release|x64
		Release|x86 = Release|x86
	EndGlobalSection
	GlobalSection(ProjectConfigurationPlatforms) = postSolution
		{B576E6DE-5DAE-4DD6-ACEB-F2D739F66E3A}.Debug|Any CPU.ActiveCfg = Debug|Any CPU
		{B576E6DE-5DAE-4DD6-ACEB-F2D739F66E3A}.Debug|Any CPU.Build.0 = Debug|Any CPU
		{B576E6DE-5DAE-4DD6-ACEB-F2D739F66E3A}.Debug|x64.ActiveCfg = Debug|Any CPU
		{B576E6DE-5DAE-4DD6-ACEB-F2D739F66E3A}.Debug|x64.Build.0 = Debug|Any CPU
		{B576E6DE-5DAE-4DD6-ACEB-F2D739F66E3A}.Debug|x86.ActiveCfg = Debug|Any CPU
		{B576E6DE-5DAE-4DD6-ACEB-F2D739F66E3A}.Debug|x86.Build.0 = Debug|Any CPU
		{B576E6DE-5DAE-4DD6-ACEB-F2D739F66E3A}.Release|Any CPU.ActiveCfg = Release|Any CPU
		{B576E6DE-5DAE-4DD6-ACEB-F2D739F66E3A}.Release|Any CPU.Build.0 = Release|Any CPU
		{B576E6DE-5DAE-4DD6-ACEB-F2D739F66E3A}.Release|x64.ActiveCfg = Release|Any CPU
		{B576E6DE-5DAE-4DD6-ACEB-F2D739F66E3A}.Release|x64.Build.0 = Release|Any CPU
		{B576E6DE-5DAE-4DD6-ACEB-F2D739F66E3A}.Release|x86.ActiveCfg = Release|Any CPU
		{B576E6DE-5DAE-4DD6-ACEB-F2D739F66E3A}.Release|x86.Build.0 = Release|Any CPU
		{409980C9-5223-45BF-83F3-CA176AF319A0}.Debug|Any CPU.ActiveCfg = Debug|Any CPU
		{409980C9-5223-45BF-83F3-CA176AF319A0}.Debug|Any CPU.Build.0 = Debug|Any CPU
		{409980C9-5223-45BF-83F3-CA176AF319A0}.Debug|x64.ActiveCfg = Debug|Any CPU
		{409980C9-5223-45BF-83F3-CA176AF319A0}.Debug|x64.Build.0 = Debug|Any CPU
		{409980C9-5223-45BF-83F3-CA176AF319A0}.Debug|x86.ActiveCfg = Debug|Any CPU
		{409980C9-5223-45BF-83F3-CA176AF319A0}.Debug|x86.Build.0 = Debug|Any CPU
		{409980C9-5223-45BF-83F3-CA176AF319A0}.Release|Any CPU.ActiveCfg = Release|Any CPU
		{409980C9-5223-45BF-83F3-CA176AF319A0}.Release|Any CPU.Build.0 = Release|Any CPU
		{409980C9-5223-45BF-83F3-CA176AF319A0}.Release|x64.ActiveCfg = Release|Any CPU
		{409980C9-5223-45BF-83F3-CA176AF319A0}.Release|x64.Build.0 = Release|Any CPU
		{409980C9-5223-45BF-83F3-CA176AF319A0}.Release|x86.ActiveCfg = Release|Any CPU
		{409980C9-5223-45BF-83F3-CA176AF319A0}.Release|x86.Build.0 = Release|Any CPU
		{98A4AC4A-945E-46B5-AD72-3036B748FEB3}.Debug|Any CPU.ActiveCfg = Debug|Any CPU
		{98A4AC4A-945E-46B5-AD72-3036B748FEB3}.Debug|Any CPU.Build.0 = Debug|Any CPU
		{98A4AC4A-945E-46B5-AD72-3036B748FEB3}.Debug|x64.ActiveCfg = Debug|Any CPU
		{98A4AC4A-945E-46B5-AD72-3036B748FEB3}.Debug|x64.Build.0 = Debug|Any CPU
		{98A4AC4A-945E-46B5-AD72-3036B748FEB3}.Debug|x86.ActiveCfg = Debug|Any CPU
		{98A4AC4A-945E-46B5-AD72-3036B748FEB3}.Debug|x86.Build.0 = Debug|Any CPU
		{98A4AC4A-945E-46B5-AD72-3036B748FEB3}.Release|Any CPU.ActiveCfg = Release|Any CPU
		{98A4AC4A-945E-46B5-AD72-3036B748FEB3}.Release|Any CPU.Build.0 = Release|Any CPU
		{98A4AC4A-945E-46B5-AD72-3036B748FEB3}.Release|x64.ActiveCfg = Release|Any CPU
		{98A4AC4A-945E-46B5-AD72-3036B748FEB3}.Release|x64.Build.0 = Release|Any CPU
		{98A4AC4A-945E-46B5-AD72-3036B748FEB3}.Release|x86.ActiveCfg = Release|Any CPU
		{98A4AC4A-945E-46B5-AD72-3036B748FEB3}.Release|x86.Build.0 = Release|Any CPU
		{E3AF916F-AA82-435E-AF3E-BADF50642174}.Debug|Any CPU.ActiveCfg = Debug|Any CPU
		{E3AF916F-AA82-435E-AF3E-BADF50642174}.Debug|Any CPU.Build.0 = Debug|Any CPU
		{E3AF916F-AA82-435E-AF3E-BADF50642174}.Debug|x64.ActiveCfg = Debug|Any CPU
		{E3AF916F-AA82-435E-AF3E-BADF50642174}.Debug|x64.Build.0 = Debug|Any CPU
		{E3AF916F-AA82-435E-AF3E-BADF50642174}.Debug|x86.ActiveCfg = Debug|Any CPU
		{E3AF916F-AA82-435E-AF3E-BADF50642174}.Debug|x86.Build.0 = Debug|Any CPU
		{E3AF916F-AA82-435E-AF3E-BADF50642174}.Release|Any CPU.ActiveCfg = Release|Any CPU
		{E3AF916F-AA82-435E-AF3E-BADF50642174}.Release|Any CPU.Build.0 = Release|Any CPU
		{E3AF916F-AA82-435E-AF3E-BADF50642174}.Release|x64.ActiveCfg = Release|Any CPU
		{E3AF916F-AA82-435E-AF3E-BADF50642174}.Release|x64.Build.0 = Release|Any CPU
		{E3AF916F-AA82-435E-AF3E-BADF50642174}.Release|x86.ActiveCfg = Release|Any CPU
		{E3AF916F-AA82-435E-AF3E-BADF50642174}.Release|x86.Build.0 = Release|Any CPU
		{1D2C6F04-0293-4CFA-A703-841CE8941677}.Debug|Any CPU.ActiveCfg = Debug|Any CPU
		{1D2C6F04-0293-4CFA-A703-841CE8941677}.Debug|Any CPU.Build.0 = Debug|Any CPU
		{1D2C6F04-0293-4CFA-A703-841CE8941677}.Debug|x64.ActiveCfg = Debug|Any CPU
		{1D2C6F04-0293-4CFA-A703-841CE8941677}.Debug|x64.Build.0 = Debug|Any CPU
		{1D2C6F04-0293-4CFA-A703-841CE8941677}.Debug|x86.ActiveCfg = Debug|Any CPU
		{1D2C6F04-0293-4CFA-A703-841CE8941677}.Debug|x86.Build.0 = Debug|Any CPU
		{1D2C6F04-0293-4CFA-A703-841CE8941677}.Release|Any CPU.ActiveCfg = Release|Any CPU
		{1D2C6F04-0293-4CFA-A703-841CE8941677}.Release|Any CPU.Build.0 = Release|Any CPU
		{1D2C6F04-0293-4CFA-A703-841CE8941677}.Release|x64.ActiveCfg = Release|Any CPU
		{1D2C6F04-0293-4CFA-A703-841CE8941677}.Release|x64.Build.0 = Release|Any CPU
		{1D2C6F04-0293-4CFA-A703-841CE8941677}.Release|x86.ActiveCfg = Release|Any CPU
		{1D2C6F04-0293-4CFA-A703-841CE8941677}.Release|x86.Build.0 = Release|Any CPU
		{3E686A6E-046F-430C-928D-9751B15F1EAF}.Debug|Any CPU.ActiveCfg = Debug|Any CPU
		{3E686A6E-046F-430C-928D-9751B15F1EAF}.Debug|Any CPU.Build.0 = Debug|Any CPU
		{3E686A6E-046F-430C-928D-9751B15F1EAF}.Debug|x64.ActiveCfg = Debug|Any CPU
		{3E686A6E-046F-430C-928D-9751B15F1EAF}.Debug|x64.Build.0 = Debug|Any CPU
		{3E686A6E-046F-430C-928D-9751B15F1EAF}.Debug|x86.ActiveCfg = Debug|Any CPU
		{3E686A6E-046F-430C-928D-9751B15F1EAF}.Debug|x86.Build.0 = Debug|Any CPU
		{3E686A6E-046F-430C-928D-9751B15F1EAF}.Release|Any CPU.ActiveCfg = Release|Any CPU
		{3E686A6E-046F-430C-928D-9751B15F1EAF}.Release|Any CPU.Build.0 = Release|Any CPU
		{3E686A6E-046F-430C-928D-9751B15F1EAF}.Release|x64.ActiveCfg = Release|Any CPU
		{3E686A6E-046F-430C-928D-9751B15F1EAF}.Release|x64.Build.0 = Release|Any CPU
		{3E686A6E-046F-430C-928D-9751B15F1EAF}.Release|x86.ActiveCfg = Release|Any CPU
		{3E686A6E-046F-430C-928D-9751B15F1EAF}.Release|x86.Build.0 = Release|Any CPU
	EndGlobalSection
	GlobalSection(SolutionProperties) = preSolution
		HideSolutionNode = FALSE
	EndGlobalSection
	GlobalSection(NestedProjects) = preSolution
		{B576E6DE-5DAE-4DD6-ACEB-F2D739F66E3A} = {827E0CD3-B72D-47B6-A68D-7590B98EB39B}
		{409980C9-5223-45BF-83F3-CA176AF319A0} = {827E0CD3-B72D-47B6-A68D-7590B98EB39B}
		{98A4AC4A-945E-46B5-AD72-3036B748FEB3} = {827E0CD3-B72D-47B6-A68D-7590B98EB39B}
		{E3AF916F-AA82-435E-AF3E-BADF50642174} = {827E0CD3-B72D-47B6-A68D-7590B98EB39B}
		{1D2C6F04-0293-4CFA-A703-841CE8941677} = {827E0CD3-B72D-47B6-A68D-7590B98EB39B}
		{3E686A6E-046F-430C-928D-9751B15F1EAF} = {0AB3BF05-4346-4AA6-1389-037BE0695223}
	EndGlobalSection
EndGlobal
